
Microsoft Visual Studio Solution File, Format Version 12.00
# Visual Studio Version 17
VisualStudioVersion = 17.7.34003.232
MinimumVisualStudioVersion = 10.0.40219.1
Project("{8BC9CEB8-8B4A-11D0-8D11-00A0C91BC942}") = "ALL_BUILD", "ALL_BUILD.vcxproj", "{8E6CD127-63F7-3E3C-B7E9-FFFA3EC1916E}"
	ProjectSection(ProjectDependencies) = postProject
		{A08A178A-DDB1-3572-9C73-2CBFF1E297D4} = {A08A178A-DDB1-3572-9C73-2CBFF1E297D4}
		{A08774DD-0D06-3AE5-92BC-D504A63ABAAA} = {A08774DD-0D06-3AE5-92BC-D504A63ABAAA}
		{7188C7B8-FD97-362C-95CD-A37F333EAA87} = {7188C7B8-FD97-362C-95CD-A37F333EAA87}
		{7F2CDB0F-D67C-3B70-A345-826085BF4D1D} = {7F2CDB0F-D67C-3B70-A345-826085BF4D1D}
		{E3B019A2-5E42-35FA-BF42-B5DA86C47FD3} = {E3B019A2-5E42-35FA-BF42-B5DA86C47FD3}
		{E64DB02B-0AF0-3180-B71A-BDFF5BE77878} = {E64DB02B-0AF0-3180-B71A-BDFF5BE77878}
		{9A5CF7F7-D81F-3FB3-84DC-92A9F3592A72} = {9A5CF7F7-D81F-3FB3-84DC-92A9F3592A72}
		{C1BE197D-FBC7-33BD-ACA8-4AF21EFD512A} = {C1BE197D-FBC7-33BD-ACA8-4AF21EFD512A}
	EndProjectSection
EndProject
Project("{8BC9CEB8-8B4A-11D0-8D11-00A0C91BC942}") = "DirectUILoaderExample", "DirectUILoaderExample.vcxproj", "{A08A178A-DDB1-3572-9C73-2CBFF1E297D4}"
	ProjectSection(ProjectDependencies) = postProject
		{C1BE197D-FBC7-33BD-ACA8-4AF21EFD512A} = {C1BE197D-FBC7-33BD-ACA8-4AF21EFD512A}
	EndProjectSection
EndProject
Project("{8BC9CEB8-8B4A-11D0-8D11-00A0C91BC942}") = "DynamicUILoaderExample", "DynamicUILoaderExample.vcxproj", "{A08774DD-0D06-3AE5-92BC-D504A63ABAAA}"
	ProjectSection(ProjectDependencies) = postProject
		{C1BE197D-FBC7-33BD-ACA8-4AF21EFD512A} = {C1BE197D-FBC7-33BD-ACA8-4AF21EFD512A}
	EndProjectSection
EndProject
Project("{8BC9CEB8-8B4A-11D0-8D11-00A0C91BC942}") = "ExaminerExample", "ExaminerExample.vcxproj", "{7188C7B8-FD97-362C-95CD-A37F333EAA87}"
	ProjectSection(ProjectDependencies) = postProject
		{C1BE197D-FBC7-33BD-ACA8-4AF21EFD512A} = {C1BE197D-FBC7-33BD-ACA8-4AF21EFD512A}
	EndProjectSection
EndProject
Project("{8BC9CEB8-8B4A-11D0-8D11-00A0C91BC942}") = "Example", "Example.vcxproj", "{7F2CDB0F-D67C-3B70-A345-826085BF4D1D}"
	ProjectSection(ProjectDependencies) = postProject
		{C1BE197D-FBC7-33BD-ACA8-4AF21EFD512A} = {C1BE197D-FBC7-33BD-ACA8-4AF21EFD512A}
	EndProjectSection
EndProject
Project("{8BC9CEB8-8B4A-11D0-8D11-00A0C91BC942}") = "InheritUIExample", "InheritUIExample.vcxproj", "{E3B019A2-5E42-35FA-BF42-B5DA86C47FD3}"
	ProjectSection(ProjectDependencies) = postProject
		{C1BE197D-FBC7-33BD-ACA8-4AF21EFD512A} = {C1BE197D-FBC7-33BD-ACA8-4AF21EFD512A}
	EndProjectSection
EndProject
Project("{8BC9CEB8-8B4A-11D0-8D11-00A0C91BC942}") = "MDIExample", "MDIExample.vcxproj", "{E64DB02B-0AF0-3180-B71A-BDFF5BE77878}"
	ProjectSection(ProjectDependencies) = postProject
		{C1BE197D-FBC7-33BD-ACA8-4AF21EFD512A} = {C1BE197D-FBC7-33BD-ACA8-4AF21EFD512A}
	EndProjectSection
EndProject
Project("{8BC9CEB8-8B4A-11D0-8D11-00A0C91BC942}") = "SuperImpositionExample", "SuperImpositionExample.vcxproj", "{9A5CF7F7-D81F-3FB3-84DC-92A9F3592A72}"
	ProjectSection(ProjectDependencies) = postProject
		{C1BE197D-FBC7-33BD-ACA8-4AF21EFD512A} = {C1BE197D-FBC7-33BD-ACA8-4AF21EFD512A}
	EndProjectSection
EndProject
Project("{8BC9CEB8-8B4A-11D0-8D11-00A0C91BC942}") = "ZERO_CHECK", "ZERO_CHECK.vcxproj", "{C1BE197D-FBC7-33BD-ACA8-4AF21EFD512A}"
EndProject
Project("{8BC9CEB8-8B4A-11D0-8D11-00A0C91BC942}") = "BB channel", "..\BB channel\BB channel.vcxproj", "{45B20099-D6F7-46AC-A622-A123DC824412}"
EndProject
Global
	GlobalSection(SolutionConfigurationPlatforms) = preSolution
		Debug|x64 = Debug|x64
		Debug|x86 = Debug|x86
		Release|x64 = Release|x64
		Release|x86 = Release|x86
	EndGlobalSection
	GlobalSection(ProjectConfigurationPlatforms) = postSolution
		{8E6CD127-63F7-3E3C-B7E9-FFFA3EC1916E}.Debug|x64.ActiveCfg = Debug|x64
		{8E6CD127-63F7-3E3C-B7E9-FFFA3EC1916E}.Debug|x86.ActiveCfg = Debug|x64
		{8E6CD127-63F7-3E3C-B7E9-FFFA3EC1916E}.Debug|x86.Build.0 = Debug|x64
		{8E6CD127-63F7-3E3C-B7E9-FFFA3EC1916E}.Release|x64.ActiveCfg = Debug|x64
		{8E6CD127-63F7-3E3C-B7E9-FFFA3EC1916E}.Release|x64.Build.0 = Debug|x64
		{8E6CD127-63F7-3E3C-B7E9-FFFA3EC1916E}.Release|x86.ActiveCfg = Debug|x64
		{8E6CD127-63F7-3E3C-B7E9-FFFA3EC1916E}.Release|x86.Build.0 = Debug|x64
		{A08A178A-DDB1-3572-9C73-2CBFF1E297D4}.Debug|x64.ActiveCfg = Debug|x64
		{A08A178A-DDB1-3572-9C73-2CBFF1E297D4}.Debug|x64.Build.0 = Debug|x64
		{A08A178A-DDB1-3572-9C73-2CBFF1E297D4}.Debug|x86.ActiveCfg = Debug|x64
		{A08A178A-DDB1-3572-9C73-2CBFF1E297D4}.Debug|x86.Build.0 = Debug|x64
		{A08A178A-DDB1-3572-9C73-2CBFF1E297D4}.Release|x64.ActiveCfg = Debug|x64
		{A08A178A-DDB1-3572-9C73-2CBFF1E297D4}.Release|x64.Build.0 = Debug|x64
		{A08A178A-DDB1-3572-9C73-2CBFF1E297D4}.Release|x86.ActiveCfg = Debug|x64
		{A08A178A-DDB1-3572-9C73-2CBFF1E297D4}.Release|x86.Build.0 = Debug|x64
		{A08774DD-0D06-3AE5-92BC-D504A63ABAAA}.Debug|x64.ActiveCfg = Debug|x64
		{A08774DD-0D06-3AE5-92BC-D504A63ABAAA}.Debug|x64.Build.0 = Debug|x64
		{A08774DD-0D06-3AE5-92BC-D504A63ABAAA}.Debug|x86.ActiveCfg = Debug|x64
		{A08774DD-0D06-3AE5-92BC-D504A63ABAAA}.Debug|x86.Build.0 = Debug|x64
		{A08774DD-0D06-3AE5-92BC-D504A63ABAAA}.Release|x64.ActiveCfg = Debug|x64
		{A08774DD-0D06-3AE5-92BC-D504A63ABAAA}.Release|x64.Build.0 = Debug|x64
		{A08774DD-0D06-3AE5-92BC-D504A63ABAAA}.Release|x86.ActiveCfg = Debug|x64
		{A08774DD-0D06-3AE5-92BC-D504A63ABAAA}.Release|x86.Build.0 = Debug|x64
		{7188C7B8-FD97-362C-95CD-A37F333EAA87}.Debug|x64.ActiveCfg = Debug|x64
		{7188C7B8-FD97-362C-95CD-A37F333EAA87}.Debug|x64.Build.0 = Debug|x64
		{7188C7B8-FD97-362C-95CD-A37F333EAA87}.Debug|x86.ActiveCfg = Debug|x64
		{7188C7B8-FD97-362C-95CD-A37F333EAA87}.Debug|x86.Build.0 = Debug|x64
		{7188C7B8-FD97-362C-95CD-A37F333EAA87}.Release|x64.ActiveCfg = Debug|x64
		{7188C7B8-FD97-362C-95CD-A37F333EAA87}.Release|x64.Build.0 = Debug|x64
		{7188C7B8-FD97-362C-95CD-A37F333EAA87}.Release|x86.ActiveCfg = Debug|x64
		{7188C7B8-FD97-362C-95CD-A37F333EAA87}.Release|x86.Build.0 = Debug|x64
		{7F2CDB0F-D67C-3B70-A345-826085BF4D1D}.Debug|x64.ActiveCfg = Debug|x64
		{7F2CDB0F-D67C-3B70-A345-826085BF4D1D}.Debug|x64.Build.0 = Debug|x64
		{7F2CDB0F-D67C-3B70-A345-826085BF4D1D}.Debug|x86.ActiveCfg = Debug|x64
		{7F2CDB0F-D67C-3B70-A345-826085BF4D1D}.Debug|x86.Build.0 = Debug|x64
		{7F2CDB0F-D67C-3B70-A345-826085BF4D1D}.Release|x64.ActiveCfg = Debug|x64
		{7F2CDB0F-D67C-3B70-A345-826085BF4D1D}.Release|x64.Build.0 = Debug|x64
		{7F2CDB0F-D67C-3B70-A345-826085BF4D1D}.Release|x86.ActiveCfg = Debug|x64
		{7F2CDB0F-D67C-3B70-A345-826085BF4D1D}.Release|x86.Build.0 = Debug|x64
		{E3B019A2-5E42-35FA-BF42-B5DA86C47FD3}.Debug|x64.ActiveCfg = Debug|x64
		{E3B019A2-5E42-35FA-BF42-B5DA86C47FD3}.Debug|x64.Build.0 = Debug|x64
		{E3B019A2-5E42-35FA-BF42-B5DA86C47FD3}.Debug|x86.ActiveCfg = Debug|x64
		{E3B019A2-5E42-35FA-BF42-B5DA86C47FD3}.Debug|x86.Build.0 = Debug|x64
		{E3B019A2-5E42-35FA-BF42-B5DA86C47FD3}.Release|x64.ActiveCfg = Debug|x64
		{E3B019A2-5E42-35FA-BF42-B5DA86C47FD3}.Release|x64.Build.0 = Debug|x64
		{E3B019A2-5E42-35FA-BF42-B5DA86C47FD3}.Release|x86.ActiveCfg = Debug|x64
		{E3B019A2-5E42-35FA-BF42-B5DA86C47FD3}.Release|x86.Build.0 = Debug|x64
		{E64DB02B-0AF0-3180-B71A-BDFF5BE77878}.Debug|x64.ActiveCfg = Debug|x64
		{E64DB02B-0AF0-3180-B71A-BDFF5BE77878}.Debug|x64.Build.0 = Debug|x64
		{E64DB02B-0AF0-3180-B71A-BDFF5BE77878}.Debug|x86.ActiveCfg = Debug|x64
		{E64DB02B-0AF0-3180-B71A-BDFF5BE77878}.Debug|x86.Build.0 = Debug|x64
		{E64DB02B-0AF0-3180-B71A-BDFF5BE77878}.Release|x64.ActiveCfg = Debug|x64
		{E64DB02B-0AF0-3180-B71A-BDFF5BE77878}.Release|x64.Build.0 = Debug|x64
		{E64DB02B-0AF0-3180-B71A-BDFF5BE77878}.Release|x86.ActiveCfg = Debug|x64
		{E64DB02B-0AF0-3180-B71A-BDFF5BE77878}.Release|x86.Build.0 = Debug|x64
		{9A5CF7F7-D81F-3FB3-84DC-92A9F3592A72}.Debug|x64.ActiveCfg = Debug|x64
		{9A5CF7F7-D81F-3FB3-84DC-92A9F3592A72}.Debug|x64.Build.0 = Debug|x64
		{9A5CF7F7-D81F-3FB3-84DC-92A9F3592A72}.Debug|x86.ActiveCfg = Debug|x64
		{9A5CF7F7-D81F-3FB3-84DC-92A9F3592A72}.Debug|x86.Build.0 = Debug|x64
		{9A5CF7F7-D81F-3FB3-84DC-92A9F3592A72}.Release|x64.ActiveCfg = Debug|x64
		{9A5CF7F7-D81F-3FB3-84DC-92A9F3592A72}.Release|x64.Build.0 = Debug|x64
		{9A5CF7F7-D81F-3FB3-84DC-92A9F3592A72}.Release|x86.ActiveCfg = Debug|x64
		{9A5CF7F7-D81F-3FB3-84DC-92A9F3592A72}.Release|x86.Build.0 = Debug|x64
		{C1BE197D-FBC7-33BD-ACA8-4AF21EFD512A}.Debug|x64.ActiveCfg = Debug|x64
		{C1BE197D-FBC7-33BD-ACA8-4AF21EFD512A}.Debug|x64.Build.0 = Debug|x64
		{C1BE197D-FBC7-33BD-ACA8-4AF21EFD512A}.Debug|x86.ActiveCfg = Debug|x64
		{C1BE197D-FBC7-33BD-ACA8-4AF21EFD512A}.Debug|x86.Build.0 = Debug|x64
		{C1BE197D-FBC7-33BD-ACA8-4AF21EFD512A}.Release|x64.ActiveCfg = Debug|x64
		{C1BE197D-FBC7-33BD-ACA8-4AF21EFD512A}.Release|x64.Build.0 = Debug|x64
		{C1BE197D-FBC7-33BD-ACA8-4AF21EFD512A}.Release|x86.ActiveCfg = Debug|x64
		{C1BE197D-FBC7-33BD-ACA8-4AF21EFD512A}.Release|x86.Build.0 = Debug|x64
		{45B20099-D6F7-46AC-A622-A123DC824412}.Debug|x64.ActiveCfg = Debug|x64
		{45B20099-D6F7-46AC-A622-A123DC824412}.Debug|x64.Build.0 = Debug|x64
		{45B20099-D6F7-46AC-A622-A123DC824412}.Debug|x86.ActiveCfg = Debug|Win32
		{45B20099-D6F7-46AC-A622-A123DC824412}.Debug|x86.Build.0 = Debug|Win32
		{45B20099-D6F7-46AC-A622-A123DC824412}.Release|x64.ActiveCfg = Release|x64
		{45B20099-D6F7-46AC-A622-A123DC824412}.Release|x64.Build.0 = Release|x64
		{45B20099-D6F7-46AC-A622-A123DC824412}.Release|x86.ActiveCfg = Release|Win32
		{45B20099-D6F7-46AC-A622-A123DC824412}.Release|x86.Build.0 = Release|Win32
	EndGlobalSection
	GlobalSection(SolutionProperties) = preSolution
		HideSolutionNode = FALSE
	EndGlobalSection
	GlobalSection(ExtensibilityGlobals) = postSolution
		SolutionGuid = {F3C28286-5F88-3AED-AFE6-0E6A1A6D8565}
	EndGlobalSection
EndGlobal
