<?xml version="1.0" encoding="utf-8"?>
<Project ToolsVersion="17.0" xmlns="http://schemas.microsoft.com/developer/msbuild/2003">
  <ItemGroup>
    <ClCompile Include="C:\Users\Admin\Documents\WorkingSpace\InventorEx4QtDesigner\builds\SuperImpositionExample_autogen\mocs_compilation_Debug.cpp">
      <Filter>Source Files</Filter>
    </ClCompile>
    <ClCompile Include="C:\Users\Admin\Documents\WorkingSpace\InventorEx4QtDesigner\superimposition.cpp">
      <Filter>Source Files</Filter>
    </ClCompile>
  </ItemGroup>
  <ItemGroup>
    <ClInclude Include="C:\Users\Admin\Documents\WorkingSpace\InventorEx4QtDesigner\builds\SuperImpositionExample_autogen\include_Debug\ui_QuarterViewer.h">
      <Filter>Header Files</Filter>
    </ClInclude>
  </ItemGroup>
  <ItemGroup>
    <CustomBuild Include="C:\Users\Admin\Documents\WorkingSpace\InventorEx4QtDesigner\builds\CMakeFiles\b3d202e9eaf51270319b007e98728aad\autouic_(CONFIG).stamp.rule">
      <Filter>CMake Rules</Filter>
    </CustomBuild>
    <CustomBuild Include="C:\Users\Admin\Documents\WorkingSpace\InventorEx4QtDesigner\CMakeLists.txt" />
  </ItemGroup>
  <ItemGroup>
    <None Include="C:\Users\Admin\Documents\WorkingSpace\InventorEx4QtDesigner\builds\SuperImpositionExample_autogen\autouic_Debug.stamp" />
  </ItemGroup>
  <ItemGroup>
    <Filter Include="CMake Rules">
      <UniqueIdentifier>{02159CDB-78C6-314F-945F-42707F4E3959}</UniqueIdentifier>
    </Filter>
    <Filter Include="Header Files">
      <UniqueIdentifier>{0FBCA0E9-82E9-3185-A09B-DCC9F50180CA}</UniqueIdentifier>
    </Filter>
    <Filter Include="Source Files">
      <UniqueIdentifier>{161B6767-BE70-3984-9EC7-0B3192FBB94D}</UniqueIdentifier>
    </Filter>
  </ItemGroup>
</Project>
