<?xml version="1.0" encoding="utf-8"?>
<Project ToolsVersion="17.0" xmlns="http://schemas.microsoft.com/developer/msbuild/2003">
  <ItemGroup>
    <CustomBuild Include="C:\Users\Admin\Documents\WorkingSpace\InventorEx4QtDesigner\builds\CMakeFiles\1a65769b82a993698f0d769400323ff3\generate.stamp.rule">
      <Filter>CMake Rules</Filter>
    </CustomBuild>
  </ItemGroup>
  <ItemGroup>
    <None Include="C:\Users\Admin\Documents\WorkingSpace\InventorEx4QtDesigner\quarterviewer.qrc">
      <Filter>Buildsystem Input Files</Filter>
    </None>
  </ItemGroup>
  <ItemGroup>
    <Filter Include="CMake Rules">
      <UniqueIdentifier>{02159CDB-78C6-314F-945F-42707F4E3959}</UniqueIdentifier>
    </Filter>
    <Filter Include="Buildsystem Input Files">
      <UniqueIdentifier>{7AF77391-8863-3D25-8F9C-BFBE0D1DD7C9}</UniqueIdentifier>
    </Filter>
  </ItemGroup>
</Project>
